
Microsoft Visual Studio Solution File, Format Version 12.00
# Visual Studio 15
VisualStudioVersion = 15.0.28307.645
MinimumVisualStudioVersion = 10.0.40219.1
Project("{FAE04EC0-301F-11D3-BF4B-00C04F79EFBC}") = "Vacations", "Vacations\Vacations.csproj", "{B90E803E-685B-43B6-B6FA-2EB9A6F6C0AF}"
EndProject
Global
	GlobalSection(SolutionConfigurationPlatforms) = preSolution
		Debug|Any CPU = Debug|Any CPU
		Release|Any CPU = Release|Any CPU
	EndGlobalSection
	GlobalSection(ProjectConfigurationPlatforms) = postSolution
		{B90E803E-685B-43B6-B6FA-2EB9A6F6C0AF}.Debug|Any CPU.ActiveCfg = Debug|Any CPU
		{B90E803E-685B-43B6-B6FA-2EB9A6F6C0AF}.Debug|Any CPU.Build.0 = Debug|Any CPU
		{B90E803E-685B-43B6-B6FA-2EB9A6F6C0AF}.Release|Any CPU.ActiveCfg = Release|Any CPU
		{B90E803E-685B-43B6-B6FA-2EB9A6F6C0AF}.Release|Any CPU.Build.0 = Release|Any CPU
	EndGlobalSection
	GlobalSection(SolutionProperties) = preSolution
		HideSolutionNode = FALSE
	EndGlobalSection
	GlobalSection(ExtensibilityGlobals) = postSolution
		SolutionGuid = {FF71E410-7F75-4F04-913C-14FCA3A12B75}
	EndGlobalSection
EndGlobal
